
Microsoft Visual Studio Solution File, Format Version 12.00
# Visual Studio Version 16
VisualStudioVersion = 25.0.1700.0
MinimumVisualStudioVersion = 10.0.40219.1
Project("{FAE04EC0-301F-11D3-BF4B-00C04F79EFBC}") = "SumOfThreeRandomNumbers", "SumOfThreeRandomNumbers\SumOfThreeRandomNumbers.csproj", "{C765C64E-BDAA-48C3-A1FF-F5CA57AA0E6E}"
EndProject
Global
	GlobalSection(SolutionConfigurationPlatforms) = preSolution
		Debug|Any CPU = Debug|Any CPU
		Release|Any CPU = Release|Any CPU
	EndGlobalSection
	GlobalSection(ProjectConfigurationPlatforms) = postSolution
		{C765C64E-BDAA-48C3-A1FF-F5CA57AA0E6E}.Debug|Any CPU.ActiveCfg = Debug|Any CPU
		{C765C64E-BDAA-48C3-A1FF-F5CA57AA0E6E}.Debug|Any CPU.Build.0 = Debug|Any CPU
		{C765C64E-BDAA-48C3-A1FF-F5CA57AA0E6E}.Release|Any CPU.ActiveCfg = Release|Any CPU
		{C765C64E-BDAA-48C3-A1FF-F5CA57AA0E6E}.Release|Any CPU.Build.0 = Release|Any CPU
	EndGlobalSection
	GlobalSection(SolutionProperties) = preSolution
		HideSolutionNode = FALSE
	EndGlobalSection
	GlobalSection(ExtensibilityGlobals) = postSolution
		SolutionGuid = {4730C75D-7F02-4026-AF8E-3F2878AFF97C}
	EndGlobalSection
EndGlobal
