
Microsoft Visual Studio Solution File, Format Version 12.00
# Visual Studio Version 16
VisualStudioVersion = 25.0.1700.0
MinimumVisualStudioVersion = 10.0.40219.1
Project("{FAE04EC0-301F-11D3-BF4B-00C04F79EFBC}") = "Numbers1thruN", "Sum0fNumbers1thruN\Numbers1thruN.csproj", "{AAF73B7E-03DA-433E-99D6-954473359A27}"
EndProject
Global
	GlobalSection(SolutionConfigurationPlatforms) = preSolution
		Debug|Any CPU = Debug|Any CPU
		Release|Any CPU = Release|Any CPU
	EndGlobalSection
	GlobalSection(ProjectConfigurationPlatforms) = postSolution
		{AAF73B7E-03DA-433E-99D6-954473359A27}.Debug|Any CPU.ActiveCfg = Debug|Any CPU
		{AAF73B7E-03DA-433E-99D6-954473359A27}.Debug|Any CPU.Build.0 = Debug|Any CPU
		{AAF73B7E-03DA-433E-99D6-954473359A27}.Release|Any CPU.ActiveCfg = Release|Any CPU
		{AAF73B7E-03DA-433E-99D6-954473359A27}.Release|Any CPU.Build.0 = Release|Any CPU
	EndGlobalSection
	GlobalSection(SolutionProperties) = preSolution
		HideSolutionNode = FALSE
	EndGlobalSection
	GlobalSection(ExtensibilityGlobals) = postSolution
		SolutionGuid = {789A8F91-19AF-4BE1-A1EF-B713B1E156E2}
	EndGlobalSection
EndGlobal
